dependencies:
  idf:
    source:
      type: idf
    version: 5.5.1
  lvgl/lvgl:
    component_hash: 2a8f619b5c2b1c7ad116c33d43dae8989c76739068f406a7e8ba9221e1085f17
    dependencies: []
    source:
      registry_url: https://components.espressif.com/
      type: service
    version: 9.1.0
direct_dependencies:
- idf
- lvgl/lvgl
manifest_hash: 4222b7e1db856a00eda6d5308b5d3368bf8529a9998070468ca5bf71f4b64828
target: esp32s3
version: 2.0.0
